
Microsoft Visual Studio Solution File, Format Version 12.00
# Visual Studio Version 17
VisualStudioVersion = 17.5.33502.453
MinimumVisualStudioVersion = 10.0.40219.1
Project("{FAE04EC0-301F-11D3-BF4B-00C04F79EFBC}") = "ASP-Web-Application", "ASP-Web-Application\ASP-Web-Application.csproj", "{7747105E-1923-4772-B90E-A88BCD4552BA}"
EndProject
Global
	GlobalSection(SolutionConfigurationPlatforms) = preSolution
		Debug|Any CPU = Debug|Any CPU
		Release|Any CPU = Release|Any CPU
	EndGlobalSection
	GlobalSection(ProjectConfigurationPlatforms) = postSolution
		{7747105E-1923-4772-B90E-A88BCD4552BA}.Debug|Any CPU.ActiveCfg = Debug|Any CPU
		{7747105E-1923-4772-B90E-A88BCD4552BA}.Debug|Any CPU.Build.0 = Debug|Any CPU
		{7747105E-1923-4772-B90E-A88BCD4552BA}.Release|Any CPU.ActiveCfg = Release|Any CPU
		{7747105E-1923-4772-B90E-A88BCD4552BA}.Release|Any CPU.Build.0 = Release|Any CPU
	EndGlobalSection
	GlobalSection(SolutionProperties) = preSolution
		HideSolutionNode = FALSE
	EndGlobalSection
	GlobalSection(ExtensibilityGlobals) = postSolution
		SolutionGuid = {D2774E07-31D1-41B8-BFBC-15DA0D2E5C1B}
	EndGlobalSection
EndGlobal
